{
    "name": "accountBook",
    "version": "1.3.6",
    "lockfileVersion": 3,
    "requires": true,
    "packages": {
        "": {
            "version": "1.3.6",
            "dependencies": {
                "dayjs": "^1.11.7"
            },
            "engines": {
                "HBuilderX": "^3.3.12"
            }
        },
        "node_modules/dayjs": {
            "version": "1.11.7",
            "resolved": "https://registry.npmmirror.com/dayjs/-/dayjs-1.11.7.tgz",
            "integrity": "sha512-+Yw9U6YO5TQohxLcIkrXBeY73WP3ejHWVvx8XCk3gxvQDCTEmS48ZrSZCKciI7Bhl/uCMyxYtE9UqRILmFphkQ=="
        }
    }
}
